// !$*UTF8*$!
{
	archiveVersion = 1;
	classes = {
	};
	objectVersion = 46;
	objects = {

/* Begin PBXBuildFile section */
		AABBFCF718D5D9A400B02978 /* Foundation.framework in Frameworks */ = {isa = PBXBuildFile; fileRef = AABBFCF618D5D9A400B02978 /* Foundation.framework */; };
		AABBFCF918D5D9A400B02978 /* CoreGraphics.framework in Frameworks */ = {isa = PBXBuildFile; fileRef = AABBFCF818D5D9A400B02978 /* CoreGraphics.framework */; };
		AABBFCFB18D5D9A400B02978 /* UIKit.framework in Frameworks */ = {isa = PBXBuildFile; fileRef = AABBFCFA18D5D9A400B02978 /* UIKit.framework */; };
		AABBFD0118D5D9A400B02978 /* InfoPlist.strings in Resources */ = {isa = PBXBuildFile; fileRef = AABBFCFF18D5D9A400B02978 /* InfoPlist.strings */; };
		AABBFD0318D5D9A400B02978 /* main.m in Sources */ = {isa = PBXBuildFile; fileRef = AABBFD0218D5D9A400B02978 /* main.m */; };
		AABBFD0718D5D9A400B02978 /* CAAppDelegate.m in Sources */ = {isa = PBXBuildFile; fileRef = AABBFD0618D5D9A400B02978 /* CAAppDelegate.m */; };
		AABBFD0A18D5D9A400B02978 /* Main.storyboard in Resources */ = {isa = PBXBuildFile; fileRef = AABBFD0818D5D9A400B02978 /* Main.storyboard */; };
		AABBFD0D18D5D9A400B02978 /* CAViewController.m in Sources */ = {isa = PBXBuildFile; fileRef = AABBFD0C18D5D9A400B02978 /* CAViewController.m */; };
		AABBFD0F18D5D9A400B02978 /* Images.xcassets in Resources */ = {isa = PBXBuildFile; fileRef = AABBFD0E18D5D9A400B02978 /* Images.xcassets */; };
		AABBFD1618D5D9A400B02978 /* XCTest.framework in Frameworks */ = {isa = PBXBuildFile; fileRef = AABBFD1518D5D9A400B02978 /* XCTest.framework */; };
		AABBFD1718D5D9A400B02978 /* Foundation.framework in Frameworks */ = {isa = PBXBuildFile; fileRef = AABBFCF618D5D9A400B02978 /* Foundation.framework */; };
		AABBFD1818D5D9A400B02978 /* UIKit.framework in Frameworks */ = {isa = PBXBuildFile; fileRef = AABBFCFA18D5D9A400B02978 /* UIKit.framework */; };
		AABBFD2018D5D9A400B02978 /* InfoPlist.strings in Resources */ = {isa = PBXBuildFile; fileRef = AABBFD1E18D5D9A400B02978 /* InfoPlist.strings */; };
		AABBFD2218D5D9A400B02978 /* Drawing_a_HouseTests.m in Sources */ = {isa = PBXBuildFile; fileRef = AABBFD2118D5D9A400B02978 /* Drawing_a_HouseTests.m */; };
		AABBFD2D18D5D9CB00B02978 /* CAHouseView.m in Sources */ = {isa = PBXBuildFile; fileRef = AABBFD2C18D5D9CB00B02978 /* CAHouseView.m */; };
/* End PBXBuildFile section */

/* Begin PBXContainerItemProxy section */
		AABBFD1918D5D9A400B02978 /* PBXContainerItemProxy */ = {
			isa = PBXContainerItemProxy;
			containerPortal = AABBFCEB18D5D9A300B02978 /* Project object */;
			proxyType = 1;
			remoteGlobalIDString = AABBFCF218D5D9A400B02978;
			remoteInfo = "Drawing a House";
		};
/* End PBXContainerItemProxy section */

/* Begin PBXFileReference section */
		AABBFCF318D5D9A400B02978 /* Drawing a House.app */ = {isa = PBXFileReference; explicitFileType = wrapper.application; includeInIndex = 0; path = "Drawing a House.app"; sourceTree = BUILT_PRODUCTS_DIR; };
		AABBFCF618D5D9A400B02978 /* Foundation.framework */ = {isa = PBXFileReference; lastKnownFileType = wrapper.framework; name = Foundation.framework; path = System/Library/Frameworks/Foundation.framework; sourceTree = SDKROOT; };
		AABBFCF818D5D9A400B02978 /* CoreGraphics.framework */ = {isa = PBXFileReference; lastKnownFileType = wrapper.framework; name = CoreGraphics.framework; path = System/Library/Frameworks/CoreGraphics.framework; sourceTree = SDKROOT; };
		AABBFCFA18D5D9A400B02978 /* UIKit.framework */ = {isa = PBXFileReference; lastKnownFileType = wrapper.framework; name = UIKit.framework; path = System/Library/Frameworks/UIKit.framework; sourceTree = SDKROOT; };
		AABBFCFE18D5D9A400B02978 /* Drawing a House-Info.plist */ = {isa = PBXFileReference; lastKnownFileType = text.plist.xml; path = "Drawing a House-Info.plist"; sourceTree = "<group>"; };
		AABBFD0018D5D9A400B02978 /* en */ = {isa = PBXFileReference; lastKnownFileType = text.plist.strings; name = en; path = en.lproj/InfoPlist.strings; sourceTree = "<group>"; };
		AABBFD0218D5D9A400B02978 /* main.m */ = {isa = PBXFileReference; lastKnownFileType = sourcecode.c.objc; path = main.m; sourceTree = "<group>"; };
		AABBFD0418D5D9A400B02978 /* Drawing a House-Prefix.pch */ = {isa = PBXFileReference; lastKnownFileType = sourcecode.c.h; path = "Drawing a House-Prefix.pch"; sourceTree = "<group>"; };
		AABBFD0518D5D9A400B02978 /* CAAppDelegate.h */ = {isa = PBXFileReference; lastKnownFileType = sourcecode.c.h; path = CAAppDelegate.h; sourceTree = "<group>"; };
		AABBFD0618D5D9A400B02978 /* CAAppDelegate.m */ = {isa = PBXFileReference; lastKnownFileType = sourcecode.c.objc; path = CAAppDelegate.m; sourceTree = "<group>"; };
		AABBFD0918D5D9A400B02978 /* Base */ = {isa = PBXFileReference; lastKnownFileType = file.storyboard; name = Base; path = Base.lproj/Main.storyboard; sourceTree = "<group>"; };
		AABBFD0B18D5D9A400B02978 /* CAViewController.h */ = {isa = PBXFileReference; lastKnownFileType = sourcecode.c.h; path = CAViewController.h; sourceTree = "<group>"; };
		AABBFD0C18D5D9A400B02978 /* CAViewController.m */ = {isa = PBXFileReference; lastKnownFileType = sourcecode.c.objc; path = CAViewController.m; sourceTree = "<group>"; };
		AABBFD0E18D5D9A400B02978 /* Images.xcassets */ = {isa = PBXFileReference; lastKnownFileType = folder.assetcatalog; path = Images.xcassets; sourceTree = "<group>"; };
		AABBFD1418D5D9A400B02978 /* Drawing a HouseTests.xctest */ = {isa = PBXFileReference; explicitFileType = wrapper.cfbundle; includeInIndex = 0; path = "Drawing a HouseTests.xctest"; sourceTree = BUILT_PRODUCTS_DIR; };
		AABBFD1518D5D9A400B02978 /* XCTest.framework */ = {isa = PBXFileReference; lastKnownFileType = wrapper.framework; name = XCTest.framework; path = Library/Frameworks/XCTest.framework; sourceTree = DEVELOPER_DIR; };
		AABBFD1D18D5D9A400B02978 /* Drawing a HouseTests-Info.plist */ = {isa = PBXFileReference; lastKnownFileType = text.plist.xml; path = "Drawing a HouseTests-Info.plist"; sourceTree = "<group>"; };
		AABBFD1F18D5D9A400B02978 /* en */ = {isa = PBXFileReference; lastKnownFileType = text.plist.strings; name = en; path = en.lproj/InfoPlist.strings; sourceTree = "<group>"; };
		AABBFD2118D5D9A400B02978 /* Drawing_a_HouseTests.m */ = {isa = PBXFileReference; lastKnownFileType = sourcecode.c.objc; path = Drawing_a_HouseTests.m; sourceTree = "<group>"; };
		AABBFD2B18D5D9CB00B02978 /* CAHouseView.h */ = {isa = PBXFileReference; fileEncoding = 4; lastKnownFileType = sourcecode.c.h; path = CAHouseView.h; sourceTree = "<group>"; };
		AABBFD2C18D5D9CB00B02978 /* CAHouseView.m */ = {isa = PBXFileReference; fileEncoding = 4; lastKnownFileType = sourcecode.c.objc; path = CAHouseView.m; sourceTree = "<group>"; };
/* End PBXFileReference section */

/* Begin PBXFrameworksBuildPhase section */
		AABBFCF018D5D9A400B02978 /* Frameworks */ = {
			isa = PBXFrameworksBuildPhase;
			buildActionMask = 2147483647;
			files = (
				AABBFCF918D5D9A400B02978 /* CoreGraphics.framework in Frameworks */,
				AABBFCFB18D5D9A400B02978 /* UIKit.framework in Frameworks */,
				AABBFCF718D5D9A400B02978 /* Foundation.framework in Frameworks */,
			);
			runOnlyForDeploymentPostprocessing = 0;
		};
		AABBFD1118D5D9A400B02978 /* Frameworks */ = {
			isa = PBXFrameworksBuildPhase;
			buildActionMask = 2147483647;
			files = (
				AABBFD1618D5D9A400B02978 /* XCTest.framework in Frameworks */,
				AABBFD1818D5D9A400B02978 /* UIKit.framework in Frameworks */,
				AABBFD1718D5D9A400B02978 /* Foundation.framework in Frameworks */,
			);
			runOnlyForDeploymentPostprocessing = 0;
		};
/* End PBXFrameworksBuildPhase section */

/* Begin PBXGroup section */
		AABBFCEA18D5D9A300B02978 = {
			isa = PBXGroup;
			children = (
				AABBFCFC18D5D9A400B02978 /* Drawing a House */,
				AABBFD1B18D5D9A400B02978 /* Drawing a HouseTests */,
				AABBFCF518D5D9A400B02978 /* Frameworks */,
				AABBFCF418D5D9A400B02978 /* Products */,
			);
			sourceTree = "<group>";
		};
		AABBFCF418D5D9A400B02978 /* Products */ = {
			isa = PBXGroup;
			children = (
				AABBFCF318D5D9A400B02978 /* Drawing a House.app */,
				AABBFD1418D5D9A400B02978 /* Drawing a HouseTests.xctest */,
			);
			name = Products;
			sourceTree = "<group>";
		};
		AABBFCF518D5D9A400B02978 /* Frameworks */ = {
			isa = PBXGroup;
			children = (
				AABBFCF618D5D9A400B02978 /* Foundation.framework */,
				AABBFCF818D5D9A400B02978 /* CoreGraphics.framework */,
				AABBFCFA18D5D9A400B02978 /* UIKit.framework */,
				AABBFD1518D5D9A400B02978 /* XCTest.framework */,
			);
			name = Frameworks;
			sourceTree = "<group>";
		};
		AABBFCFC18D5D9A400B02978 /* Drawing a House */ = {
			isa = PBXGroup;
			children = (
				AABBFD0518D5D9A400B02978 /* CAAppDelegate.h */,
				AABBFD0618D5D9A400B02978 /* CAAppDelegate.m */,
				AABBFD0818D5D9A400B02978 /* Main.storyboard */,
				AABBFD2B18D5D9CB00B02978 /* CAHouseView.h */,
				AABBFD2C18D5D9CB00B02978 /* CAHouseView.m */,
				AABBFD0B18D5D9A400B02978 /* CAViewController.h */,
				AABBFD0C18D5D9A400B02978 /* CAViewController.m */,
				AABBFD0E18D5D9A400B02978 /* Images.xcassets */,
				AABBFCFD18D5D9A400B02978 /* Supporting Files */,
			);
			path = "Drawing a House";
			sourceTree = "<group>";
		};
		AABBFCFD18D5D9A400B02978 /* Supporting Files */ = {
			isa = PBXGroup;
			children = (
				AABBFCFE18D5D9A400B02978 /* Drawing a House-Info.plist */,
				AABBFCFF18D5D9A400B02978 /* InfoPlist.strings */,
				AABBFD0218D5D9A400B02978 /* main.m */,
				AABBFD0418D5D9A400B02978 /* Drawing a House-Prefix.pch */,
			);
			name = "Supporting Files";
			sourceTree = "<group>";
		};
		AABBFD1B18D5D9A400B02978 /* Drawing a HouseTests */ = {
			isa = PBXGroup;
			children = (
				AABBFD2118D5D9A400B02978 /* Drawing_a_HouseTests.m */,
				AABBFD1C18D5D9A400B02978 /* Supporting Files */,
			);
			path = "Drawing a HouseTests";
			sourceTree = "<group>";
		};
		AABBFD1C18D5D9A400B02978 /* Supporting Files */ = {
			isa = PBXGroup;
			children = (
				AABBFD1D18D5D9A400B02978 /* Drawing a HouseTests-Info.plist */,
				AABBFD1E18D5D9A400B02978 /* InfoPlist.strings */,
			);
			name = "Supporting Files";
			sourceTree = "<group>";
		};
/* End PBXGroup section */

/* Begin PBXNativeTarget section */
		AABBFCF218D5D9A400B02978 /* Drawing a House */ = {
			isa = PBXNativeTarget;
			buildConfigurationList = AABBFD2518D5D9A400B02978 /* Build configuration list for PBXNativeTarget "Drawing a House" */;
			buildPhases = (
				AABBFCEF18D5D9A400B02978 /* Sources */,
				AABBFCF018D5D9A400B02978 /* Frameworks */,
				AABBFCF118D5D9A400B02978 /* Resources */,
			);
			buildRules = (
			);
			dependencies = (
			);
			name = "Drawing a House";
			productName = "Drawing a House";
			productReference = AABBFCF318D5D9A400B02978 /* Drawing a House.app */;
			productType = "com.apple.product-type.application";
		};
		AABBFD1318D5D9A400B02978 /* Drawing a HouseTests */ = {
			isa = PBXNativeTarget;
			buildConfigurationList = AABBFD2818D5D9A400B02978 /* Build configuration list for PBXNativeTarget "Drawing a HouseTests" */;
			buildPhases = (
				AABBFD1018D5D9A400B02978 /* Sources */,
				AABBFD1118D5D9A400B02978 /* Frameworks */,
				AABBFD1218D5D9A400B02978 /* Resources */,
			);
			buildRules = (
			);
			dependencies = (
				AABBFD1A18D5D9A400B02978 /* PBXTargetDependency */,
			);
			name = "Drawing a HouseTests";
			productName = "Drawing a HouseTests";
			productReference = AABBFD1418D5D9A400B02978 /* Drawing a HouseTests.xctest */;
			productType = "com.apple.product-type.bundle.unit-test";
		};
/* End PBXNativeTarget section */

/* Begin PBXProject section */
		AABBFCEB18D5D9A300B02978 /* Project object */ = {
			isa = PBXProject;
			attributes = {
				CLASSPREFIX = CA;
				LastUpgradeCheck = 0510;
				ORGANIZATIONNAME = "Christian Alsaybar";
				TargetAttributes = {
					AABBFD1318D5D9A400B02978 = {
						TestTargetID = AABBFCF218D5D9A400B02978;
					};
				};
			};
			buildConfigurationList = AABBFCEE18D5D9A300B02978 /* Build configuration list for PBXProject "Drawing a House" */;
			compatibilityVersion = "Xcode 3.2";
			developmentRegion = English;
			hasScannedForEncodings = 0;
			knownRegions = (
				en,
				Base,
			);
			mainGroup = AABBFCEA18D5D9A300B02978;
			productRefGroup = AABBFCF418D5D9A400B02978 /* Products */;
			projectDirPath = "";
			projectRoot = "";
			targets = (
				AABBFCF218D5D9A400B02978 /* Drawing a House */,
				AABBFD1318D5D9A400B02978 /* Drawing a HouseTests */,
			);
		};
/* End PBXProject section */

/* Begin PBXResourcesBuildPhase section */
		AABBFCF118D5D9A400B02978 /* Resources */ = {
			isa = PBXResourcesBuildPhase;
			buildActionMask = 2147483647;
			files = (
				AABBFD0F18D5D9A400B02978 /* Images.xcassets in Resources */,
				AABBFD0118D5D9A400B02978 /* InfoPlist.strings in Resources */,
				AABBFD0A18D5D9A400B02978 /* Main.storyboard in Resources */,
			);
			runOnlyForDeploymentPostprocessing = 0;
		};
		AABBFD1218D5D9A400B02978 /* Resources */ = {
			isa = PBXResourcesBuildPhase;
			buildActionMask = 2147483647;
			files = (
				AABBFD2018D5D9A400B02978 /* InfoPlist.strings in Resources */,
			);
			runOnlyForDeploymentPostprocessing = 0;
		};
/* End PBXResourcesBuildPhase section */

/* Begin PBXSourcesBuildPhase section */
		AABBFCEF18D5D9A400B02978 /* Sources */ = {
			isa = PBXSourcesBuildPhase;
			buildActionMask = 2147483647;
			files = (
				AABBFD0718D5D9A400B02978 /* CAAppDelegate.m in Sources */,
				AABBFD0318D5D9A400B02978 /* main.m in Sources */,
				AABBFD0D18D5D9A400B02978 /* CAViewController.m in Sources */,
				AABBFD2D18D5D9CB00B02978 /* CAHouseView.m in Sources */,
			);
			runOnlyForDeploymentPostprocessing = 0;
		};
		AABBFD1018D5D9A400B02978 /* Sources */ = {
			isa = PBXSourcesBuildPhase;
			buildActionMask = 2147483647;
			files = (
				AABBFD2218D5D9A400B02978 /* Drawing_a_HouseTests.m in Sources */,
			);
			runOnlyForDeploymentPostprocessing = 0;
		};
/* End PBXSourcesBuildPhase section */

/* Begin PBXTargetDependency section */
		AABBFD1A18D5D9A400B02978 /* PBXTargetDependency */ = {
			isa = PBXTargetDependency;
			target = AABBFCF218D5D9A400B02978 /* Drawing a House */;
			targetProxy = AABBFD1918D5D9A400B02978 /* PBXContainerItemProxy */;
		};
/* End PBXTargetDependency section */

/* Begin PBXVariantGroup section */
		AABBFCFF18D5D9A400B02978 /* InfoPlist.strings */ = {
			isa = PBXVariantGroup;
			children = (
				AABBFD0018D5D9A400B02978 /* en */,
			);
			name = InfoPlist.strings;
			sourceTree = "<group>";
		};
		AABBFD0818D5D9A400B02978 /* Main.storyboard */ = {
			isa = PBXVariantGroup;
			children = (
				AABBFD0918D5D9A400B02978 /* Base */,
			);
			name = Main.storyboard;
			sourceTree = "<group>";
		};
		AABBFD1E18D5D9A400B02978 /* InfoPlist.strings */ = {
			isa = PBXVariantGroup;
			children = (
				AABBFD1F18D5D9A400B02978 /* en */,
			);
			name = InfoPlist.strings;
			sourceTree = "<group>";
		};
/* End PBXVariantGroup section */

/* Begin XCBuildConfiguration section */
		AABBFD2318D5D9A400B02978 /* Debug */ = {
			isa = XCBuildConfiguration;
			buildSettings = {
				ALWAYS_SEARCH_USER_PATHS = NO;
				CLANG_CXX_LANGUAGE_STANDARD = "gnu++0x";
				CLANG_CXX_LIBRARY = "libc++";
				CLANG_ENABLE_MODULES = YES;
				CLANG_ENABLE_OBJC_ARC = YES;
				CLANG_WARN_BOOL_CONVERSION = YES;
				CLANG_WARN_CONSTANT_CONVERSION = YES;
				CLANG_WARN_DIRECT_OBJC_ISA_USAGE = YES_ERROR;
				CLANG_WARN_EMPTY_BODY = YES;
				CLANG_WARN_ENUM_CONVERSION = YES;
				CLANG_WARN_INT_CONVERSION = YES;
				CLANG_WARN_OBJC_ROOT_CLASS = YES_ERROR;
				CLANG_WARN__DUPLICATE_METHOD_MATCH = YES;
				"CODE_SIGN_IDENTITY[sdk=iphoneos*]" = "iPhone Developer";
				COPY_PHASE_STRIP = NO;
				GCC_C_LANGUAGE_STANDARD = gnu99;
				GCC_DYNAMIC_NO_PIC = NO;
				GCC_OPTIMIZATION_LEVEL = 0;
				GCC_PREPROCESSOR_DEFINITIONS = (
					"DEBUG=1",
					"$(inherited)",
				);
				GCC_SYMBOLS_PRIVATE_EXTERN = NO;
				GCC_WARN_64_TO_32_BIT_CONVERSION = YES;
				GCC_WARN_ABOUT_RETURN_TYPE = YES_ERROR;
				GCC_WARN_UNDECLARED_SELECTOR = YES;
				GCC_WARN_UNINITIALIZED_AUTOS = YES_AGGRESSIVE;
				GCC_WARN_UNUSED_FUNCTION = YES;
				GCC_WARN_UNUSED_VARIABLE = YES;
				IPHONEOS_DEPLOYMENT_TARGET = 7.1;
				ONLY_ACTIVE_ARCH = YES;
				SDKROOT = iphoneos;
			};
			name = Debug;
		};
		AABBFD2418D5D9A400B02978 /* Release */ = {
			isa = XCBuildConfiguration;
			buildSettings = {
				ALWAYS_SEARCH_USER_PATHS = NO;
				CLANG_CXX_LANGUAGE_STANDARD = "gnu++0x";
				CLANG_CXX_LIBRARY = "libc++";
				CLANG_ENABLE_MODULES = YES;
				CLANG_ENABLE_OBJC_ARC = YES;
				CLANG_WARN_BOOL_CONVERSION = YES;
				CLANG_WARN_CONSTANT_CONVERSION = YES;
				CLANG_WARN_DIRECT_OBJC_ISA_USAGE = YES_ERROR;
				CLANG_WARN_EMPTY_BODY = YES;
				CLANG_WARN_ENUM_CONVERSION = YES;
				CLANG_WARN_INT_CONVERSION = YES;
				CLANG_WARN_OBJC_ROOT_CLASS = YES_ERROR;
				CLANG_WARN__DUPLICATE_METHOD_MATCH = YES;
				"CODE_SIGN_IDENTITY[sdk=iphoneos*]" = "iPhone Developer";
				COPY_PHASE_STRIP = YES;
				ENABLE_NS_ASSERTIONS = NO;
				GCC_C_LANGUAGE_STANDARD = gnu99;
				GCC_WARN_64_TO_32_BIT_CONVERSION = YES;
				GCC_WARN_ABOUT_RETURN_TYPE = YES_ERROR;
				GCC_WARN_UNDECLARED_SELECTOR = YES;
				GCC_WARN_UNINITIALIZED_AUTOS = YES_AGGRESSIVE;
				GCC_WARN_UNUSED_FUNCTION = YES;
				GCC_WARN_UNUSED_VARIABLE = YES;
				IPHONEOS_DEPLOYMENT_TARGET = 7.1;
				SDKROOT = iphoneos;
				VALIDATE_PRODUCT = YES;
			};
			name = Release;
		};
		AABBFD2618D5D9A400B02978 /* Debug */ = {
			isa = XCBuildConfiguration;
			buildSettings = {
				ASSETCATALOG_COMPILER_APPICON_NAME = AppIcon;
				ASSETCATALOG_COMPILER_LAUNCHIMAGE_NAME = LaunchImage;
				GCC_PRECOMPILE_PREFIX_HEADER = YES;
				GCC_PREFIX_HEADER = "Drawing a House/Drawing a House-Prefix.pch";
				INFOPLIST_FILE = "Drawing a House/Drawing a House-Info.plist";
				PRODUCT_NAME = "$(TARGET_NAME)";
				WRAPPER_EXTENSION = app;
			};
			name = Debug;
		};
		AABBFD2718D5D9A400B02978 /* Release */ = {
			isa = XCBuildConfiguration;
			buildSettings = {
				ASSETCATALOG_COMPILER_APPICON_NAME = AppIcon;
				ASSETCATALOG_COMPILER_LAUNCHIMAGE_NAME = LaunchImage;
				GCC_PRECOMPILE_PREFIX_HEADER = YES;
				GCC_PREFIX_HEADER = "Drawing a House/Drawing a House-Prefix.pch";
				INFOPLIST_FILE = "Drawing a House/Drawing a House-Info.plist";
				PRODUCT_NAME = "$(TARGET_NAME)";
				WRAPPER_EXTENSION = app;
			};
			name = Release;
		};
		AABBFD2918D5D9A400B02978 /* Debug */ = {
			isa = XCBuildConfiguration;
			buildSettings = {
				BUNDLE_LOADER = "$(BUILT_PRODUCTS_DIR)/Drawing a House.app/Drawing a House";
				FRAMEWORK_SEARCH_PATHS = (
					"$(SDKROOT)/Developer/Library/Frameworks",
					"$(inherited)",
					"$(DEVELOPER_FRAMEWORKS_DIR)",
				);
				GCC_PRECOMPILE_PREFIX_HEADER = YES;
				GCC_PREFIX_HEADER = "Drawing a House/Drawing a House-Prefix.pch";
				GCC_PREPROCESSOR_DEFINITIONS = (
					"DEBUG=1",
					"$(inherited)",
				);
				INFOPLIST_FILE = "Drawing a HouseTests/Drawing a HouseTests-Info.plist";
				PRODUCT_NAME = "$(TARGET_NAME)";
				TEST_HOST = "$(BUNDLE_LOADER)";
				WRAPPER_EXTENSION = xctest;
			};
			name = Debug;
		};
		AABBFD2A18D5D9A400B02978 /* Release */ = {
			isa = XCBuildConfiguration;
			buildSettings = {
				BUNDLE_LOADER = "$(BUILT_PRODUCTS_DIR)/Drawing a House.app/Drawing a House";
				FRAMEWORK_SEARCH_PATHS = (
					"$(SDKROOT)/Developer/Library/Frameworks",
					"$(inherited)",
					"$(DEVELOPER_FRAMEWORKS_DIR)",
				);
				GCC_PRECOMPILE_PREFIX_HEADER = YES;
				GCC_PREFIX_HEADER = "Drawing a House/Drawing a House-Prefix.pch";
				INFOPLIST_FILE = "Drawing a HouseTests/Drawing a HouseTests-Info.plist";
				PRODUCT_NAME = "$(TARGET_NAME)";
				TEST_HOST = "$(BUNDLE_LOADER)";
				WRAPPER_EXTENSION = xctest;
			};
			name = Release;
		};
/* End XCBuildConfiguration section */

/* Begin XCConfigurationList section */
		AABBFCEE18D5D9A300B02978 /* Build configuration list for PBXProject "Drawing a House" */ = {
			isa = XCConfigurationList;
			buildConfigurations = (
				AABBFD2318D5D9A400B02978 /* Debug */,
				AABBFD2418D5D9A400B02978 /* Release */,
			);
			defaultConfigurationIsVisible = 0;
			defaultConfigurationName = Release;
		};
		AABBFD2518D5D9A400B02978 /* Build configuration list for PBXNativeTarget "Drawing a House" */ = {
			isa = XCConfigurationList;
			buildConfigurations = (
				AABBFD2618D5D9A400B02978 /* Debug */,
				AABBFD2718D5D9A400B02978 /* Release */,
			);
			defaultConfigurationIsVisible = 0;
		};
		AABBFD2818D5D9A400B02978 /* Build configuration list for PBXNativeTarget "Drawing a HouseTests" */ = {
			isa = XCConfigurationList;
			buildConfigurations = (
				AABBFD2918D5D9A400B02978 /* Debug */,
				AABBFD2A18D5D9A400B02978 /* Release */,
			);
			defaultConfigurationIsVisible = 0;
		};
/* End XCConfigurationList section */
	};
	rootObject = AABBFCEB18D5D9A300B02978 /* Project object */;
}
