// !$*UTF8*$!
{
	archiveVersion = 1;
	classes = {
	};
	objectVersion = 46;
	objects = {

/* Begin PBXBuildFile section */
		AA5B7EC218BE224B00FFDAF2 /* Foundation.framework in Frameworks */ = {isa = PBXBuildFile; fileRef = AA5B7EC118BE224B00FFDAF2 /* Foundation.framework */; };
		AA5B7EC418BE224B00FFDAF2 /* CoreGraphics.framework in Frameworks */ = {isa = PBXBuildFile; fileRef = AA5B7EC318BE224B00FFDAF2 /* CoreGraphics.framework */; };
		AA5B7EC618BE224B00FFDAF2 /* UIKit.framework in Frameworks */ = {isa = PBXBuildFile; fileRef = AA5B7EC518BE224B00FFDAF2 /* UIKit.framework */; };
		AA5B7ECC18BE224B00FFDAF2 /* InfoPlist.strings in Resources */ = {isa = PBXBuildFile; fileRef = AA5B7ECA18BE224B00FFDAF2 /* InfoPlist.strings */; };
		AA5B7ECE18BE224B00FFDAF2 /* main.m in Sources */ = {isa = PBXBuildFile; fileRef = AA5B7ECD18BE224B00FFDAF2 /* main.m */; };
		AA5B7ED218BE224B00FFDAF2 /* CAAppDelegate.m in Sources */ = {isa = PBXBuildFile; fileRef = AA5B7ED118BE224B00FFDAF2 /* CAAppDelegate.m */; };
		AA5B7ED518BE224B00FFDAF2 /* Main.storyboard in Resources */ = {isa = PBXBuildFile; fileRef = AA5B7ED318BE224B00FFDAF2 /* Main.storyboard */; };
		AA5B7ED818BE224B00FFDAF2 /* CAViewController.m in Sources */ = {isa = PBXBuildFile; fileRef = AA5B7ED718BE224B00FFDAF2 /* CAViewController.m */; };
		AA5B7EDA18BE224B00FFDAF2 /* Images.xcassets in Resources */ = {isa = PBXBuildFile; fileRef = AA5B7ED918BE224B00FFDAF2 /* Images.xcassets */; };
		AA5B7EE118BE224B00FFDAF2 /* XCTest.framework in Frameworks */ = {isa = PBXBuildFile; fileRef = AA5B7EE018BE224B00FFDAF2 /* XCTest.framework */; };
		AA5B7EE218BE224B00FFDAF2 /* Foundation.framework in Frameworks */ = {isa = PBXBuildFile; fileRef = AA5B7EC118BE224B00FFDAF2 /* Foundation.framework */; };
		AA5B7EE318BE224B00FFDAF2 /* UIKit.framework in Frameworks */ = {isa = PBXBuildFile; fileRef = AA5B7EC518BE224B00FFDAF2 /* UIKit.framework */; };
		AA5B7EEB18BE224B00FFDAF2 /* InfoPlist.strings in Resources */ = {isa = PBXBuildFile; fileRef = AA5B7EE918BE224B00FFDAF2 /* InfoPlist.strings */; };
		AA5B7EED18BE224B00FFDAF2 /* Age_of_LaikaTests.m in Sources */ = {isa = PBXBuildFile; fileRef = AA5B7EEC18BE224B00FFDAF2 /* Age_of_LaikaTests.m */; };
		AA5B7EF718BE24D100FFDAF2 /* laika-space-dog.jpg in Resources */ = {isa = PBXBuildFile; fileRef = AA5B7EF618BE24D100FFDAF2 /* laika-space-dog.jpg */; };
/* End PBXBuildFile section */

/* Begin PBXContainerItemProxy section */
		AA5B7EE418BE224B00FFDAF2 /* PBXContainerItemProxy */ = {
			isa = PBXContainerItemProxy;
			containerPortal = AA5B7EB618BE224B00FFDAF2 /* Project object */;
			proxyType = 1;
			remoteGlobalIDString = AA5B7EBD18BE224B00FFDAF2;
			remoteInfo = "Age of Laika";
		};
/* End PBXContainerItemProxy section */

/* Begin PBXFileReference section */
		AA5B7EBE18BE224B00FFDAF2 /* Age of Laika.app */ = {isa = PBXFileReference; explicitFileType = wrapper.application; includeInIndex = 0; path = "Age of Laika.app"; sourceTree = BUILT_PRODUCTS_DIR; };
		AA5B7EC118BE224B00FFDAF2 /* Foundation.framework */ = {isa = PBXFileReference; lastKnownFileType = wrapper.framework; name = Foundation.framework; path = System/Library/Frameworks/Foundation.framework; sourceTree = SDKROOT; };
		AA5B7EC318BE224B00FFDAF2 /* CoreGraphics.framework */ = {isa = PBXFileReference; lastKnownFileType = wrapper.framework; name = CoreGraphics.framework; path = System/Library/Frameworks/CoreGraphics.framework; sourceTree = SDKROOT; };
		AA5B7EC518BE224B00FFDAF2 /* UIKit.framework */ = {isa = PBXFileReference; lastKnownFileType = wrapper.framework; name = UIKit.framework; path = System/Library/Frameworks/UIKit.framework; sourceTree = SDKROOT; };
		AA5B7EC918BE224B00FFDAF2 /* Age of Laika-Info.plist */ = {isa = PBXFileReference; lastKnownFileType = text.plist.xml; path = "Age of Laika-Info.plist"; sourceTree = "<group>"; };
		AA5B7ECB18BE224B00FFDAF2 /* en */ = {isa = PBXFileReference; lastKnownFileType = text.plist.strings; name = en; path = en.lproj/InfoPlist.strings; sourceTree = "<group>"; };
		AA5B7ECD18BE224B00FFDAF2 /* main.m */ = {isa = PBXFileReference; lastKnownFileType = sourcecode.c.objc; path = main.m; sourceTree = "<group>"; };
		AA5B7ECF18BE224B00FFDAF2 /* Age of Laika-Prefix.pch */ = {isa = PBXFileReference; lastKnownFileType = sourcecode.c.h; path = "Age of Laika-Prefix.pch"; sourceTree = "<group>"; };
		AA5B7ED018BE224B00FFDAF2 /* CAAppDelegate.h */ = {isa = PBXFileReference; lastKnownFileType = sourcecode.c.h; path = CAAppDelegate.h; sourceTree = "<group>"; };
		AA5B7ED118BE224B00FFDAF2 /* CAAppDelegate.m */ = {isa = PBXFileReference; lastKnownFileType = sourcecode.c.objc; path = CAAppDelegate.m; sourceTree = "<group>"; };
		AA5B7ED418BE224B00FFDAF2 /* Base */ = {isa = PBXFileReference; lastKnownFileType = file.storyboard; name = Base; path = Base.lproj/Main.storyboard; sourceTree = "<group>"; };
		AA5B7ED618BE224B00FFDAF2 /* CAViewController.h */ = {isa = PBXFileReference; lastKnownFileType = sourcecode.c.h; path = CAViewController.h; sourceTree = "<group>"; };
		AA5B7ED718BE224B00FFDAF2 /* CAViewController.m */ = {isa = PBXFileReference; lastKnownFileType = sourcecode.c.objc; path = CAViewController.m; sourceTree = "<group>"; };
		AA5B7ED918BE224B00FFDAF2 /* Images.xcassets */ = {isa = PBXFileReference; lastKnownFileType = folder.assetcatalog; path = Images.xcassets; sourceTree = "<group>"; };
		AA5B7EDF18BE224B00FFDAF2 /* Age of LaikaTests.xctest */ = {isa = PBXFileReference; explicitFileType = wrapper.cfbundle; includeInIndex = 0; path = "Age of LaikaTests.xctest"; sourceTree = BUILT_PRODUCTS_DIR; };
		AA5B7EE018BE224B00FFDAF2 /* XCTest.framework */ = {isa = PBXFileReference; lastKnownFileType = wrapper.framework; name = XCTest.framework; path = Library/Frameworks/XCTest.framework; sourceTree = DEVELOPER_DIR; };
		AA5B7EE818BE224B00FFDAF2 /* Age of LaikaTests-Info.plist */ = {isa = PBXFileReference; lastKnownFileType = text.plist.xml; path = "Age of LaikaTests-Info.plist"; sourceTree = "<group>"; };
		AA5B7EEA18BE224B00FFDAF2 /* en */ = {isa = PBXFileReference; lastKnownFileType = text.plist.strings; name = en; path = en.lproj/InfoPlist.strings; sourceTree = "<group>"; };
		AA5B7EEC18BE224B00FFDAF2 /* Age_of_LaikaTests.m */ = {isa = PBXFileReference; lastKnownFileType = sourcecode.c.objc; path = Age_of_LaikaTests.m; sourceTree = "<group>"; };
		AA5B7EF618BE24D100FFDAF2 /* laika-space-dog.jpg */ = {isa = PBXFileReference; lastKnownFileType = image.jpeg; path = "laika-space-dog.jpg"; sourceTree = "<group>"; };
/* End PBXFileReference section */

/* Begin PBXFrameworksBuildPhase section */
		AA5B7EBB18BE224B00FFDAF2 /* Frameworks */ = {
			isa = PBXFrameworksBuildPhase;
			buildActionMask = 2147483647;
			files = (
				AA5B7EC418BE224B00FFDAF2 /* CoreGraphics.framework in Frameworks */,
				AA5B7EC618BE224B00FFDAF2 /* UIKit.framework in Frameworks */,
				AA5B7EC218BE224B00FFDAF2 /* Foundation.framework in Frameworks */,
			);
			runOnlyForDeploymentPostprocessing = 0;
		};
		AA5B7EDC18BE224B00FFDAF2 /* Frameworks */ = {
			isa = PBXFrameworksBuildPhase;
			buildActionMask = 2147483647;
			files = (
				AA5B7EE118BE224B00FFDAF2 /* XCTest.framework in Frameworks */,
				AA5B7EE318BE224B00FFDAF2 /* UIKit.framework in Frameworks */,
				AA5B7EE218BE224B00FFDAF2 /* Foundation.framework in Frameworks */,
			);
			runOnlyForDeploymentPostprocessing = 0;
		};
/* End PBXFrameworksBuildPhase section */

/* Begin PBXGroup section */
		AA5B7EB518BE224B00FFDAF2 = {
			isa = PBXGroup;
			children = (
				AA5B7EC718BE224B00FFDAF2 /* Age of Laika */,
				AA5B7EE618BE224B00FFDAF2 /* Age of LaikaTests */,
				AA5B7EC018BE224B00FFDAF2 /* Frameworks */,
				AA5B7EBF18BE224B00FFDAF2 /* Products */,
			);
			sourceTree = "<group>";
		};
		AA5B7EBF18BE224B00FFDAF2 /* Products */ = {
			isa = PBXGroup;
			children = (
				AA5B7EBE18BE224B00FFDAF2 /* Age of Laika.app */,
				AA5B7EDF18BE224B00FFDAF2 /* Age of LaikaTests.xctest */,
			);
			name = Products;
			sourceTree = "<group>";
		};
		AA5B7EC018BE224B00FFDAF2 /* Frameworks */ = {
			isa = PBXGroup;
			children = (
				AA5B7EC118BE224B00FFDAF2 /* Foundation.framework */,
				AA5B7EC318BE224B00FFDAF2 /* CoreGraphics.framework */,
				AA5B7EC518BE224B00FFDAF2 /* UIKit.framework */,
				AA5B7EE018BE224B00FFDAF2 /* XCTest.framework */,
			);
			name = Frameworks;
			sourceTree = "<group>";
		};
		AA5B7EC718BE224B00FFDAF2 /* Age of Laika */ = {
			isa = PBXGroup;
			children = (
				AA5B7ED018BE224B00FFDAF2 /* CAAppDelegate.h */,
				AA5B7ED118BE224B00FFDAF2 /* CAAppDelegate.m */,
				AA5B7ED318BE224B00FFDAF2 /* Main.storyboard */,
				AA5B7ED618BE224B00FFDAF2 /* CAViewController.h */,
				AA5B7ED718BE224B00FFDAF2 /* CAViewController.m */,
				AA5B7ED918BE224B00FFDAF2 /* Images.xcassets */,
				AA5B7EC818BE224B00FFDAF2 /* Supporting Files */,
			);
			path = "Age of Laika";
			sourceTree = "<group>";
		};
		AA5B7EC818BE224B00FFDAF2 /* Supporting Files */ = {
			isa = PBXGroup;
			children = (
				AA5B7EF618BE24D100FFDAF2 /* laika-space-dog.jpg */,
				AA5B7EC918BE224B00FFDAF2 /* Age of Laika-Info.plist */,
				AA5B7ECA18BE224B00FFDAF2 /* InfoPlist.strings */,
				AA5B7ECD18BE224B00FFDAF2 /* main.m */,
				AA5B7ECF18BE224B00FFDAF2 /* Age of Laika-Prefix.pch */,
			);
			name = "Supporting Files";
			sourceTree = "<group>";
		};
		AA5B7EE618BE224B00FFDAF2 /* Age of LaikaTests */ = {
			isa = PBXGroup;
			children = (
				AA5B7EEC18BE224B00FFDAF2 /* Age_of_LaikaTests.m */,
				AA5B7EE718BE224B00FFDAF2 /* Supporting Files */,
			);
			path = "Age of LaikaTests";
			sourceTree = "<group>";
		};
		AA5B7EE718BE224B00FFDAF2 /* Supporting Files */ = {
			isa = PBXGroup;
			children = (
				AA5B7EE818BE224B00FFDAF2 /* Age of LaikaTests-Info.plist */,
				AA5B7EE918BE224B00FFDAF2 /* InfoPlist.strings */,
			);
			name = "Supporting Files";
			sourceTree = "<group>";
		};
/* End PBXGroup section */

/* Begin PBXNativeTarget section */
		AA5B7EBD18BE224B00FFDAF2 /* Age of Laika */ = {
			isa = PBXNativeTarget;
			buildConfigurationList = AA5B7EF018BE224B00FFDAF2 /* Build configuration list for PBXNativeTarget "Age of Laika" */;
			buildPhases = (
				AA5B7EBA18BE224B00FFDAF2 /* Sources */,
				AA5B7EBB18BE224B00FFDAF2 /* Frameworks */,
				AA5B7EBC18BE224B00FFDAF2 /* Resources */,
			);
			buildRules = (
			);
			dependencies = (
			);
			name = "Age of Laika";
			productName = "Age of Laika";
			productReference = AA5B7EBE18BE224B00FFDAF2 /* Age of Laika.app */;
			productType = "com.apple.product-type.application";
		};
		AA5B7EDE18BE224B00FFDAF2 /* Age of LaikaTests */ = {
			isa = PBXNativeTarget;
			buildConfigurationList = AA5B7EF318BE224B00FFDAF2 /* Build configuration list for PBXNativeTarget "Age of LaikaTests" */;
			buildPhases = (
				AA5B7EDB18BE224B00FFDAF2 /* Sources */,
				AA5B7EDC18BE224B00FFDAF2 /* Frameworks */,
				AA5B7EDD18BE224B00FFDAF2 /* Resources */,
			);
			buildRules = (
			);
			dependencies = (
				AA5B7EE518BE224B00FFDAF2 /* PBXTargetDependency */,
			);
			name = "Age of LaikaTests";
			productName = "Age of LaikaTests";
			productReference = AA5B7EDF18BE224B00FFDAF2 /* Age of LaikaTests.xctest */;
			productType = "com.apple.product-type.bundle.unit-test";
		};
/* End PBXNativeTarget section */

/* Begin PBXProject section */
		AA5B7EB618BE224B00FFDAF2 /* Project object */ = {
			isa = PBXProject;
			attributes = {
				CLASSPREFIX = CA;
				LastUpgradeCheck = 0500;
				TargetAttributes = {
					AA5B7EDE18BE224B00FFDAF2 = {
						TestTargetID = AA5B7EBD18BE224B00FFDAF2;
					};
				};
			};
			buildConfigurationList = AA5B7EB918BE224B00FFDAF2 /* Build configuration list for PBXProject "Age of Laika" */;
			compatibilityVersion = "Xcode 3.2";
			developmentRegion = English;
			hasScannedForEncodings = 0;
			knownRegions = (
				en,
				Base,
			);
			mainGroup = AA5B7EB518BE224B00FFDAF2;
			productRefGroup = AA5B7EBF18BE224B00FFDAF2 /* Products */;
			projectDirPath = "";
			projectRoot = "";
			targets = (
				AA5B7EBD18BE224B00FFDAF2 /* Age of Laika */,
				AA5B7EDE18BE224B00FFDAF2 /* Age of LaikaTests */,
			);
		};
/* End PBXProject section */

/* Begin PBXResourcesBuildPhase section */
		AA5B7EBC18BE224B00FFDAF2 /* Resources */ = {
			isa = PBXResourcesBuildPhase;
			buildActionMask = 2147483647;
			files = (
				AA5B7EF718BE24D100FFDAF2 /* laika-space-dog.jpg in Resources */,
				AA5B7EDA18BE224B00FFDAF2 /* Images.xcassets in Resources */,
				AA5B7ECC18BE224B00FFDAF2 /* InfoPlist.strings in Resources */,
				AA5B7ED518BE224B00FFDAF2 /* Main.storyboard in Resources */,
			);
			runOnlyForDeploymentPostprocessing = 0;
		};
		AA5B7EDD18BE224B00FFDAF2 /* Resources */ = {
			isa = PBXResourcesBuildPhase;
			buildActionMask = 2147483647;
			files = (
				AA5B7EEB18BE224B00FFDAF2 /* InfoPlist.strings in Resources */,
			);
			runOnlyForDeploymentPostprocessing = 0;
		};
/* End PBXResourcesBuildPhase section */

/* Begin PBXSourcesBuildPhase section */
		AA5B7EBA18BE224B00FFDAF2 /* Sources */ = {
			isa = PBXSourcesBuildPhase;
			buildActionMask = 2147483647;
			files = (
				AA5B7ED218BE224B00FFDAF2 /* CAAppDelegate.m in Sources */,
				AA5B7ECE18BE224B00FFDAF2 /* main.m in Sources */,
				AA5B7ED818BE224B00FFDAF2 /* CAViewController.m in Sources */,
			);
			runOnlyForDeploymentPostprocessing = 0;
		};
		AA5B7EDB18BE224B00FFDAF2 /* Sources */ = {
			isa = PBXSourcesBuildPhase;
			buildActionMask = 2147483647;
			files = (
				AA5B7EED18BE224B00FFDAF2 /* Age_of_LaikaTests.m in Sources */,
			);
			runOnlyForDeploymentPostprocessing = 0;
		};
/* End PBXSourcesBuildPhase section */

/* Begin PBXTargetDependency section */
		AA5B7EE518BE224B00FFDAF2 /* PBXTargetDependency */ = {
			isa = PBXTargetDependency;
			target = AA5B7EBD18BE224B00FFDAF2 /* Age of Laika */;
			targetProxy = AA5B7EE418BE224B00FFDAF2 /* PBXContainerItemProxy */;
		};
/* End PBXTargetDependency section */

/* Begin PBXVariantGroup section */
		AA5B7ECA18BE224B00FFDAF2 /* InfoPlist.strings */ = {
			isa = PBXVariantGroup;
			children = (
				AA5B7ECB18BE224B00FFDAF2 /* en */,
			);
			name = InfoPlist.strings;
			sourceTree = "<group>";
		};
		AA5B7ED318BE224B00FFDAF2 /* Main.storyboard */ = {
			isa = PBXVariantGroup;
			children = (
				AA5B7ED418BE224B00FFDAF2 /* Base */,
			);
			name = Main.storyboard;
			sourceTree = "<group>";
		};
		AA5B7EE918BE224B00FFDAF2 /* InfoPlist.strings */ = {
			isa = PBXVariantGroup;
			children = (
				AA5B7EEA18BE224B00FFDAF2 /* en */,
			);
			name = InfoPlist.strings;
			sourceTree = "<group>";
		};
/* End PBXVariantGroup section */

/* Begin XCBuildConfiguration section */
		AA5B7EEE18BE224B00FFDAF2 /* Debug */ = {
			isa = XCBuildConfiguration;
			buildSettings = {
				ALWAYS_SEARCH_USER_PATHS = NO;
				ARCHS = "$(ARCHS_STANDARD_INCLUDING_64_BIT)";
				CLANG_CXX_LANGUAGE_STANDARD = "gnu++0x";
				CLANG_CXX_LIBRARY = "libc++";
				CLANG_ENABLE_MODULES = YES;
				CLANG_ENABLE_OBJC_ARC = YES;
				CLANG_WARN_BOOL_CONVERSION = YES;
				CLANG_WARN_CONSTANT_CONVERSION = YES;
				CLANG_WARN_DIRECT_OBJC_ISA_USAGE = YES_ERROR;
				CLANG_WARN_EMPTY_BODY = YES;
				CLANG_WARN_ENUM_CONVERSION = YES;
				CLANG_WARN_INT_CONVERSION = YES;
				CLANG_WARN_OBJC_ROOT_CLASS = YES_ERROR;
				CLANG_WARN__DUPLICATE_METHOD_MATCH = YES;
				"CODE_SIGN_IDENTITY[sdk=iphoneos*]" = "iPhone Developer";
				COPY_PHASE_STRIP = NO;
				GCC_C_LANGUAGE_STANDARD = gnu99;
				GCC_DYNAMIC_NO_PIC = NO;
				GCC_OPTIMIZATION_LEVEL = 0;
				GCC_PREPROCESSOR_DEFINITIONS = (
					"DEBUG=1",
					"$(inherited)",
				);
				GCC_SYMBOLS_PRIVATE_EXTERN = NO;
				GCC_WARN_64_TO_32_BIT_CONVERSION = YES;
				GCC_WARN_ABOUT_RETURN_TYPE = YES_ERROR;
				GCC_WARN_UNDECLARED_SELECTOR = YES;
				GCC_WARN_UNINITIALIZED_AUTOS = YES;
				GCC_WARN_UNUSED_FUNCTION = YES;
				GCC_WARN_UNUSED_VARIABLE = YES;
				IPHONEOS_DEPLOYMENT_TARGET = 7.0;
				ONLY_ACTIVE_ARCH = YES;
				SDKROOT = iphoneos;
			};
			name = Debug;
		};
		AA5B7EEF18BE224B00FFDAF2 /* Release */ = {
			isa = XCBuildConfiguration;
			buildSettings = {
				ALWAYS_SEARCH_USER_PATHS = NO;
				ARCHS = "$(ARCHS_STANDARD_INCLUDING_64_BIT)";
				CLANG_CXX_LANGUAGE_STANDARD = "gnu++0x";
				CLANG_CXX_LIBRARY = "libc++";
				CLANG_ENABLE_MODULES = YES;
				CLANG_ENABLE_OBJC_ARC = YES;
				CLANG_WARN_BOOL_CONVERSION = YES;
				CLANG_WARN_CONSTANT_CONVERSION = YES;
				CLANG_WARN_DIRECT_OBJC_ISA_USAGE = YES_ERROR;
				CLANG_WARN_EMPTY_BODY = YES;
				CLANG_WARN_ENUM_CONVERSION = YES;
				CLANG_WARN_INT_CONVERSION = YES;
				CLANG_WARN_OBJC_ROOT_CLASS = YES_ERROR;
				CLANG_WARN__DUPLICATE_METHOD_MATCH = YES;
				"CODE_SIGN_IDENTITY[sdk=iphoneos*]" = "iPhone Developer";
				COPY_PHASE_STRIP = YES;
				ENABLE_NS_ASSERTIONS = NO;
				GCC_C_LANGUAGE_STANDARD = gnu99;
				GCC_WARN_64_TO_32_BIT_CONVERSION = YES;
				GCC_WARN_ABOUT_RETURN_TYPE = YES_ERROR;
				GCC_WARN_UNDECLARED_SELECTOR = YES;
				GCC_WARN_UNINITIALIZED_AUTOS = YES;
				GCC_WARN_UNUSED_FUNCTION = YES;
				GCC_WARN_UNUSED_VARIABLE = YES;
				IPHONEOS_DEPLOYMENT_TARGET = 7.0;
				SDKROOT = iphoneos;
				VALIDATE_PRODUCT = YES;
			};
			name = Release;
		};
		AA5B7EF118BE224B00FFDAF2 /* Debug */ = {
			isa = XCBuildConfiguration;
			buildSettings = {
				ASSETCATALOG_COMPILER_APPICON_NAME = AppIcon;
				ASSETCATALOG_COMPILER_LAUNCHIMAGE_NAME = LaunchImage;
				GCC_PRECOMPILE_PREFIX_HEADER = YES;
				GCC_PREFIX_HEADER = "Age of Laika/Age of Laika-Prefix.pch";
				INFOPLIST_FILE = "Age of Laika/Age of Laika-Info.plist";
				PRODUCT_NAME = "$(TARGET_NAME)";
				WRAPPER_EXTENSION = app;
			};
			name = Debug;
		};
		AA5B7EF218BE224B00FFDAF2 /* Release */ = {
			isa = XCBuildConfiguration;
			buildSettings = {
				ASSETCATALOG_COMPILER_APPICON_NAME = AppIcon;
				ASSETCATALOG_COMPILER_LAUNCHIMAGE_NAME = LaunchImage;
				GCC_PRECOMPILE_PREFIX_HEADER = YES;
				GCC_PREFIX_HEADER = "Age of Laika/Age of Laika-Prefix.pch";
				INFOPLIST_FILE = "Age of Laika/Age of Laika-Info.plist";
				PRODUCT_NAME = "$(TARGET_NAME)";
				WRAPPER_EXTENSION = app;
			};
			name = Release;
		};
		AA5B7EF418BE224B00FFDAF2 /* Debug */ = {
			isa = XCBuildConfiguration;
			buildSettings = {
				ARCHS = "$(ARCHS_STANDARD_INCLUDING_64_BIT)";
				BUNDLE_LOADER = "$(BUILT_PRODUCTS_DIR)/Age of Laika.app/Age of Laika";
				FRAMEWORK_SEARCH_PATHS = (
					"$(SDKROOT)/Developer/Library/Frameworks",
					"$(inherited)",
					"$(DEVELOPER_FRAMEWORKS_DIR)",
				);
				GCC_PRECOMPILE_PREFIX_HEADER = YES;
				GCC_PREFIX_HEADER = "Age of Laika/Age of Laika-Prefix.pch";
				GCC_PREPROCESSOR_DEFINITIONS = (
					"DEBUG=1",
					"$(inherited)",
				);
				INFOPLIST_FILE = "Age of LaikaTests/Age of LaikaTests-Info.plist";
				PRODUCT_NAME = "$(TARGET_NAME)";
				TEST_HOST = "$(BUNDLE_LOADER)";
				WRAPPER_EXTENSION = xctest;
			};
			name = Debug;
		};
		AA5B7EF518BE224B00FFDAF2 /* Release */ = {
			isa = XCBuildConfiguration;
			buildSettings = {
				ARCHS = "$(ARCHS_STANDARD_INCLUDING_64_BIT)";
				BUNDLE_LOADER = "$(BUILT_PRODUCTS_DIR)/Age of Laika.app/Age of Laika";
				FRAMEWORK_SEARCH_PATHS = (
					"$(SDKROOT)/Developer/Library/Frameworks",
					"$(inherited)",
					"$(DEVELOPER_FRAMEWORKS_DIR)",
				);
				GCC_PRECOMPILE_PREFIX_HEADER = YES;
				GCC_PREFIX_HEADER = "Age of Laika/Age of Laika-Prefix.pch";
				INFOPLIST_FILE = "Age of LaikaTests/Age of LaikaTests-Info.plist";
				PRODUCT_NAME = "$(TARGET_NAME)";
				TEST_HOST = "$(BUNDLE_LOADER)";
				WRAPPER_EXTENSION = xctest;
			};
			name = Release;
		};
/* End XCBuildConfiguration section */

/* Begin XCConfigurationList section */
		AA5B7EB918BE224B00FFDAF2 /* Build configuration list for PBXProject "Age of Laika" */ = {
			isa = XCConfigurationList;
			buildConfigurations = (
				AA5B7EEE18BE224B00FFDAF2 /* Debug */,
				AA5B7EEF18BE224B00FFDAF2 /* Release */,
			);
			defaultConfigurationIsVisible = 0;
			defaultConfigurationName = Release;
		};
		AA5B7EF018BE224B00FFDAF2 /* Build configuration list for PBXNativeTarget "Age of Laika" */ = {
			isa = XCConfigurationList;
			buildConfigurations = (
				AA5B7EF118BE224B00FFDAF2 /* Debug */,
				AA5B7EF218BE224B00FFDAF2 /* Release */,
			);
			defaultConfigurationIsVisible = 0;
		};
		AA5B7EF318BE224B00FFDAF2 /* Build configuration list for PBXNativeTarget "Age of LaikaTests" */ = {
			isa = XCConfigurationList;
			buildConfigurations = (
				AA5B7EF418BE224B00FFDAF2 /* Debug */,
				AA5B7EF518BE224B00FFDAF2 /* Release */,
			);
			defaultConfigurationIsVisible = 0;
		};
/* End XCConfigurationList section */
	};
	rootObject = AA5B7EB618BE224B00FFDAF2 /* Project object */;
}
